
Microsoft Visual Studio Solution File, Format Version 12.00
# Visual Studio 2012
Project("{FAE04EC0-301F-11D3-BF4B-00C04F79EFBC}") = "SingletonDP", "SingletonPattern\SingletonDP.csproj", "{36FED42B-3EAA-4003-86CD-C574B857B305}"
EndProject
Project("{FAE04EC0-301F-11D3-BF4B-00C04F79EFBC}") = "FactoryMethodDP", "FactoryMethodPattern\FactoryMethodDP.csproj", "{3F903700-F4B2-4F0B-A5AF-444BDB6D1BFB}"
EndProject
Project("{FAE04EC0-301F-11D3-BF4B-00C04F79EFBC}") = "AbstractFactoryDP", "AbstractFactoryPattern\AbstractFactoryDP.csproj", "{1EA489D6-3C5B-4121-A3C8-B5BEABCB51E5}"
EndProject
Project("{FAE04EC0-301F-11D3-BF4B-00C04F79EFBC}") = "PrototypeDP", "PrototypePattern\PrototypeDP.csproj", "{D58670CB-1BD7-46BE-B8A2-B5931C97B243}"
EndProject
Project("{FAE04EC0-301F-11D3-BF4B-00C04F79EFBC}") = "BuilderDP", "BuilderPattern\BuilderDP.csproj", "{39001B32-3039-41BB-A323-8545A71A0A37}"
EndProject
Project("{2150E333-8FDC-42A3-9474-1A3956D46DE8}") = "CreationalPatterns", "CreationalPatterns", "{0AF2447F-41EC-4E6C-9588-642E7D309084}"
EndProject
Project("{2150E333-8FDC-42A3-9474-1A3956D46DE8}") = "StructuralPatterns", "StructuralPatterns", "{BF99D6A5-5B3C-4F71-8073-81B71F8BEE4E}"
EndProject
Project("{2150E333-8FDC-42A3-9474-1A3956D46DE8}") = "BehavioralPatterns", "BehavioralPatterns", "{B1D1DD7C-906F-48E2-B9D4-B6980482F19E}"
EndProject
Project("{FAE04EC0-301F-11D3-BF4B-00C04F79EFBC}") = "AdapterDP", "AdapterPattern\AdapterDP.csproj", "{7D12C6FD-A062-4309-B198-FFB5BE130A5D}"
EndProject
Project("{FAE04EC0-301F-11D3-BF4B-00C04F79EFBC}") = "CompositeDP", "CompositePattern\CompositeDP.csproj", "{2010C6C0-B4A3-41ED-8F47-434CA045510F}"
EndProject
Project("{FAE04EC0-301F-11D3-BF4B-00C04F79EFBC}") = "DecoratorDP", "DecoratorPattern\DecoratorDP.csproj", "{47D42CC1-715B-4435-98C2-FE36A9F519D7}"
EndProject
Project("{FAE04EC0-301F-11D3-BF4B-00C04F79EFBC}") = "FlyweightDP", "FlyweightPattern\FlyweightDP.csproj", "{3514D7E4-014B-4F53-AC41-C7A4AC8B1779}"
EndProject
Project("{FAE04EC0-301F-11D3-BF4B-00C04F79EFBC}") = "FacadeDP", "FacadeDesignPattern\FacadeDP.csproj", "{03E78132-2EAF-4CF6-8E97-894F0FE9AD11}"
EndProject
Project("{FAE04EC0-301F-11D3-BF4B-00C04F79EFBC}") = "ProxyDP", "ProxyDesignPattern\ProxyDP.csproj", "{DE9854DF-4D38-4CD8-A0B6-AA5DBF98F291}"
EndProject
Project("{FAE04EC0-301F-11D3-BF4B-00C04F79EFBC}") = "BridgeDP", "BridgeDesignPattern\BridgeDP.csproj", "{1BCC5A06-8B33-4EA8-AE3B-3D8ADAD1BAA8}"
EndProject
Project("{FAE04EC0-301F-11D3-BF4B-00C04F79EFBC}") = "MediatorDP", "MediatorDesignPattern\MediatorDP.csproj", "{2BFF3DFE-67C6-4091-A611-2A317D845405}"
EndProject
Global
	GlobalSection(SolutionConfigurationPlatforms) = preSolution
		Debug|Any CPU = Debug|Any CPU
		Release|Any CPU = Release|Any CPU
	EndGlobalSection
	GlobalSection(ProjectConfigurationPlatforms) = postSolution
		{36FED42B-3EAA-4003-86CD-C574B857B305}.Debug|Any CPU.ActiveCfg = Debug|Any CPU
		{36FED42B-3EAA-4003-86CD-C574B857B305}.Debug|Any CPU.Build.0 = Debug|Any CPU
		{36FED42B-3EAA-4003-86CD-C574B857B305}.Release|Any CPU.ActiveCfg = Release|Any CPU
		{36FED42B-3EAA-4003-86CD-C574B857B305}.Release|Any CPU.Build.0 = Release|Any CPU
		{3F903700-F4B2-4F0B-A5AF-444BDB6D1BFB}.Debug|Any CPU.ActiveCfg = Debug|Any CPU
		{3F903700-F4B2-4F0B-A5AF-444BDB6D1BFB}.Debug|Any CPU.Build.0 = Debug|Any CPU
		{3F903700-F4B2-4F0B-A5AF-444BDB6D1BFB}.Release|Any CPU.ActiveCfg = Release|Any CPU
		{3F903700-F4B2-4F0B-A5AF-444BDB6D1BFB}.Release|Any CPU.Build.0 = Release|Any CPU
		{1EA489D6-3C5B-4121-A3C8-B5BEABCB51E5}.Debug|Any CPU.ActiveCfg = Debug|Any CPU
		{1EA489D6-3C5B-4121-A3C8-B5BEABCB51E5}.Debug|Any CPU.Build.0 = Debug|Any CPU
		{1EA489D6-3C5B-4121-A3C8-B5BEABCB51E5}.Release|Any CPU.ActiveCfg = Release|Any CPU
		{1EA489D6-3C5B-4121-A3C8-B5BEABCB51E5}.Release|Any CPU.Build.0 = Release|Any CPU
		{D58670CB-1BD7-46BE-B8A2-B5931C97B243}.Debug|Any CPU.ActiveCfg = Debug|Any CPU
		{D58670CB-1BD7-46BE-B8A2-B5931C97B243}.Debug|Any CPU.Build.0 = Debug|Any CPU
		{D58670CB-1BD7-46BE-B8A2-B5931C97B243}.Release|Any CPU.ActiveCfg = Release|Any CPU
		{D58670CB-1BD7-46BE-B8A2-B5931C97B243}.Release|Any CPU.Build.0 = Release|Any CPU
		{39001B32-3039-41BB-A323-8545A71A0A37}.Debug|Any CPU.ActiveCfg = Debug|Any CPU
		{39001B32-3039-41BB-A323-8545A71A0A37}.Debug|Any CPU.Build.0 = Debug|Any CPU
		{39001B32-3039-41BB-A323-8545A71A0A37}.Release|Any CPU.ActiveCfg = Release|Any CPU
		{39001B32-3039-41BB-A323-8545A71A0A37}.Release|Any CPU.Build.0 = Release|Any CPU
		{7D12C6FD-A062-4309-B198-FFB5BE130A5D}.Debug|Any CPU.ActiveCfg = Debug|Any CPU
		{7D12C6FD-A062-4309-B198-FFB5BE130A5D}.Debug|Any CPU.Build.0 = Debug|Any CPU
		{7D12C6FD-A062-4309-B198-FFB5BE130A5D}.Release|Any CPU.ActiveCfg = Release|Any CPU
		{7D12C6FD-A062-4309-B198-FFB5BE130A5D}.Release|Any CPU.Build.0 = Release|Any CPU
		{2010C6C0-B4A3-41ED-8F47-434CA045510F}.Debug|Any CPU.ActiveCfg = Debug|Any CPU
		{2010C6C0-B4A3-41ED-8F47-434CA045510F}.Debug|Any CPU.Build.0 = Debug|Any CPU
		{2010C6C0-B4A3-41ED-8F47-434CA045510F}.Release|Any CPU.ActiveCfg = Release|Any CPU
		{2010C6C0-B4A3-41ED-8F47-434CA045510F}.Release|Any CPU.Build.0 = Release|Any CPU
		{47D42CC1-715B-4435-98C2-FE36A9F519D7}.Debug|Any CPU.ActiveCfg = Debug|Any CPU
		{47D42CC1-715B-4435-98C2-FE36A9F519D7}.Debug|Any CPU.Build.0 = Debug|Any CPU
		{47D42CC1-715B-4435-98C2-FE36A9F519D7}.Release|Any CPU.ActiveCfg = Release|Any CPU
		{47D42CC1-715B-4435-98C2-FE36A9F519D7}.Release|Any CPU.Build.0 = Release|Any CPU
		{3514D7E4-014B-4F53-AC41-C7A4AC8B1779}.Debug|Any CPU.ActiveCfg = Debug|Any CPU
		{3514D7E4-014B-4F53-AC41-C7A4AC8B1779}.Debug|Any CPU.Build.0 = Debug|Any CPU
		{3514D7E4-014B-4F53-AC41-C7A4AC8B1779}.Release|Any CPU.ActiveCfg = Release|Any CPU
		{3514D7E4-014B-4F53-AC41-C7A4AC8B1779}.Release|Any CPU.Build.0 = Release|Any CPU
		{03E78132-2EAF-4CF6-8E97-894F0FE9AD11}.Debug|Any CPU.ActiveCfg = Debug|Any CPU
		{03E78132-2EAF-4CF6-8E97-894F0FE9AD11}.Debug|Any CPU.Build.0 = Debug|Any CPU
		{03E78132-2EAF-4CF6-8E97-894F0FE9AD11}.Release|Any CPU.ActiveCfg = Release|Any CPU
		{03E78132-2EAF-4CF6-8E97-894F0FE9AD11}.Release|Any CPU.Build.0 = Release|Any CPU
		{DE9854DF-4D38-4CD8-A0B6-AA5DBF98F291}.Debug|Any CPU.ActiveCfg = Debug|Any CPU
		{DE9854DF-4D38-4CD8-A0B6-AA5DBF98F291}.Debug|Any CPU.Build.0 = Debug|Any CPU
		{DE9854DF-4D38-4CD8-A0B6-AA5DBF98F291}.Release|Any CPU.ActiveCfg = Release|Any CPU
		{DE9854DF-4D38-4CD8-A0B6-AA5DBF98F291}.Release|Any CPU.Build.0 = Release|Any CPU
		{1BCC5A06-8B33-4EA8-AE3B-3D8ADAD1BAA8}.Debug|Any CPU.ActiveCfg = Debug|Any CPU
		{1BCC5A06-8B33-4EA8-AE3B-3D8ADAD1BAA8}.Debug|Any CPU.Build.0 = Debug|Any CPU
		{1BCC5A06-8B33-4EA8-AE3B-3D8ADAD1BAA8}.Release|Any CPU.ActiveCfg = Release|Any CPU
		{1BCC5A06-8B33-4EA8-AE3B-3D8ADAD1BAA8}.Release|Any CPU.Build.0 = Release|Any CPU
		{2BFF3DFE-67C6-4091-A611-2A317D845405}.Debug|Any CPU.ActiveCfg = Debug|Any CPU
		{2BFF3DFE-67C6-4091-A611-2A317D845405}.Debug|Any CPU.Build.0 = Debug|Any CPU
		{2BFF3DFE-67C6-4091-A611-2A317D845405}.Release|Any CPU.ActiveCfg = Release|Any CPU
		{2BFF3DFE-67C6-4091-A611-2A317D845405}.Release|Any CPU.Build.0 = Release|Any CPU
	EndGlobalSection
	GlobalSection(SolutionProperties) = preSolution
		HideSolutionNode = FALSE
	EndGlobalSection
	GlobalSection(NestedProjects) = preSolution
		{3F903700-F4B2-4F0B-A5AF-444BDB6D1BFB} = {0AF2447F-41EC-4E6C-9588-642E7D309084}
		{1EA489D6-3C5B-4121-A3C8-B5BEABCB51E5} = {0AF2447F-41EC-4E6C-9588-642E7D309084}
		{D58670CB-1BD7-46BE-B8A2-B5931C97B243} = {0AF2447F-41EC-4E6C-9588-642E7D309084}
		{39001B32-3039-41BB-A323-8545A71A0A37} = {0AF2447F-41EC-4E6C-9588-642E7D309084}
		{36FED42B-3EAA-4003-86CD-C574B857B305} = {0AF2447F-41EC-4E6C-9588-642E7D309084}
		{7D12C6FD-A062-4309-B198-FFB5BE130A5D} = {BF99D6A5-5B3C-4F71-8073-81B71F8BEE4E}
		{2010C6C0-B4A3-41ED-8F47-434CA045510F} = {BF99D6A5-5B3C-4F71-8073-81B71F8BEE4E}
		{47D42CC1-715B-4435-98C2-FE36A9F519D7} = {BF99D6A5-5B3C-4F71-8073-81B71F8BEE4E}
		{3514D7E4-014B-4F53-AC41-C7A4AC8B1779} = {BF99D6A5-5B3C-4F71-8073-81B71F8BEE4E}
		{03E78132-2EAF-4CF6-8E97-894F0FE9AD11} = {BF99D6A5-5B3C-4F71-8073-81B71F8BEE4E}
		{DE9854DF-4D38-4CD8-A0B6-AA5DBF98F291} = {BF99D6A5-5B3C-4F71-8073-81B71F8BEE4E}
		{1BCC5A06-8B33-4EA8-AE3B-3D8ADAD1BAA8} = {BF99D6A5-5B3C-4F71-8073-81B71F8BEE4E}
		{2BFF3DFE-67C6-4091-A611-2A317D845405} = {B1D1DD7C-906F-48E2-B9D4-B6980482F19E}
	EndGlobalSection
EndGlobal
