
Microsoft Visual Studio Solution File, Format Version 12.00
# Visual Studio 2012
Project("{2150E333-8FDC-42A3-9474-1A3956D46DE8}") = "CreationalPatterns", "CreationalPatterns", "{0AF2447F-41EC-4E6C-9588-642E7D309084}"
EndProject
Project("{2150E333-8FDC-42A3-9474-1A3956D46DE8}") = "StructuralPatterns", "StructuralPatterns", "{BF99D6A5-5B3C-4F71-8073-81B71F8BEE4E}"
EndProject
Project("{2150E333-8FDC-42A3-9474-1A3956D46DE8}") = "BehavioralPatterns", "BehavioralPatterns", "{B1D1DD7C-906F-48E2-B9D4-B6980482F19E}"
EndProject
Project("{FAE04EC0-301F-11D3-BF4B-00C04F79EFBC}") = "AdapterDP", "AdapterDP\AdapterDP.csproj", "{7D12C6FD-A062-4309-B198-FFB5BE130A5D}"
EndProject
Project("{FAE04EC0-301F-11D3-BF4B-00C04F79EFBC}") = "BridgeDP", "BridgeDP\BridgeDP.csproj", "{1BCC5A06-8B33-4EA8-AE3B-3D8ADAD1BAA8}"
EndProject
Project("{FAE04EC0-301F-11D3-BF4B-00C04F79EFBC}") = "CompositeDP", "CompositeDP\CompositeDP.csproj", "{2010C6C0-B4A3-41ED-8F47-434CA045510F}"
EndProject
Project("{FAE04EC0-301F-11D3-BF4B-00C04F79EFBC}") = "DecoratorDP", "DecoratorDP\DecoratorDP.csproj", "{47D42CC1-715B-4435-98C2-FE36A9F519D7}"
EndProject
Project("{FAE04EC0-301F-11D3-BF4B-00C04F79EFBC}") = "FacadeDP", "FacadeDP\FacadeDP.csproj", "{03E78132-2EAF-4CF6-8E97-894F0FE9AD11}"
EndProject
Project("{FAE04EC0-301F-11D3-BF4B-00C04F79EFBC}") = "FlyweightDP", "FlyweightDP\FlyweightDP.csproj", "{3514D7E4-014B-4F53-AC41-C7A4AC8B1779}"
EndProject
Project("{FAE04EC0-301F-11D3-BF4B-00C04F79EFBC}") = "ProxyDP", "ProxyDP\ProxyDP.csproj", "{DE9854DF-4D38-4CD8-A0B6-AA5DBF98F291}"
EndProject
Project("{FAE04EC0-301F-11D3-BF4B-00C04F79EFBC}") = "MediatorDP", "MediatorDP\MediatorDP.csproj", "{2BFF3DFE-67C6-4091-A611-2A317D845405}"
EndProject
Project("{FAE04EC0-301F-11D3-BF4B-00C04F79EFBC}") = "AbstractFactoryDP", "AbstractFactoryDP\AbstractFactoryDP.csproj", "{1EA489D6-3C5B-4121-A3C8-B5BEABCB51E5}"
EndProject
Project("{FAE04EC0-301F-11D3-BF4B-00C04F79EFBC}") = "BuilderDP", "BuilderDP\BuilderDP.csproj", "{39001B32-3039-41BB-A323-8545A71A0A37}"
EndProject
Project("{FAE04EC0-301F-11D3-BF4B-00C04F79EFBC}") = "FactoryMethodDP", "FactoryMethodDP\FactoryMethodDP.csproj", "{3F903700-F4B2-4F0B-A5AF-444BDB6D1BFB}"
EndProject
Project("{FAE04EC0-301F-11D3-BF4B-00C04F79EFBC}") = "PrototypeDP", "PrototypeDP\PrototypeDP.csproj", "{D58670CB-1BD7-46BE-B8A2-B5931C97B243}"
EndProject
Project("{FAE04EC0-301F-11D3-BF4B-00C04F79EFBC}") = "SingletonDP", "SingletonDP\SingletonDP.csproj", "{36FED42B-3EAA-4003-86CD-C574B857B305}"
EndProject
Project("{FAE04EC0-301F-11D3-BF4B-00C04F79EFBC}") = "StateDP", "StateDP\StateDP.csproj", "{76CBABEA-0644-43B4-8296-6EA44C38A22B}"
EndProject
Project("{FAE04EC0-301F-11D3-BF4B-00C04F79EFBC}") = "ObserverDP", "ObserverDP\ObserverDP.csproj", "{8666B518-364C-4317-B4AF-2D08BC2E0CD0}"
EndProject
Project("{FAE04EC0-301F-11D3-BF4B-00C04F79EFBC}") = "MementoDP", "MementoDP\MementoDP.csproj", "{26BC95C9-5DA2-4CE1-B64B-BFFB72DAD5B4}"
EndProject
Project("{FAE04EC0-301F-11D3-BF4B-00C04F79EFBC}") = "TemplateMethodDP", "TemplateMethodDP\TemplateMethodDP.csproj", "{97B2D266-B3C0-4122-A724-DE21CEE6058B}"
EndProject
Project("{FAE04EC0-301F-11D3-BF4B-00C04F79EFBC}") = "CommandDP", "CommandDP\CommandDP.csproj", "{366735AB-D77B-4570-9791-459BDF70C8D2}"
EndProject
Project("{FAE04EC0-301F-11D3-BF4B-00C04F79EFBC}") = "ChainOfResponsibilityDP", "ChainOfResponsibilityDP\ChainOfResponsibilityDP.csproj", "{A5396AEE-D617-4018-BDB8-B1170EF62FBD}"
EndProject
Project("{FAE04EC0-301F-11D3-BF4B-00C04F79EFBC}") = "StrategyDP", "StrategyDP\StrategyDP.csproj", "{F5AEAE20-0E7E-481C-8979-38DC2C7993EC}"
EndProject
Project("{FAE04EC0-301F-11D3-BF4B-00C04F79EFBC}") = "InterpreterDP", "InterpreterDP\InterpreterDP.csproj", "{B5A72056-AE56-416C-AA63-2D13C4A3FC83}"
EndProject
Project("{FAE04EC0-301F-11D3-BF4B-00C04F79EFBC}") = "VisitorDP", "VisitorDP\VisitorDP.csproj", "{0D29205E-ED41-444F-93D2-DFFB47ACC4C7}"
EndProject
Project("{FAE04EC0-301F-11D3-BF4B-00C04F79EFBC}") = "IteratorDP", "IteratorDP\IteratorDP.csproj", "{9E452B6D-2A84-4906-A4C3-7DD6DE1DEB67}"
EndProject
Global
	GlobalSection(SolutionConfigurationPlatforms) = preSolution
		Debug|Any CPU = Debug|Any CPU
		Release|Any CPU = Release|Any CPU
	EndGlobalSection
	GlobalSection(ProjectConfigurationPlatforms) = postSolution
		{7D12C6FD-A062-4309-B198-FFB5BE130A5D}.Debug|Any CPU.ActiveCfg = Debug|Any CPU
		{7D12C6FD-A062-4309-B198-FFB5BE130A5D}.Debug|Any CPU.Build.0 = Debug|Any CPU
		{7D12C6FD-A062-4309-B198-FFB5BE130A5D}.Release|Any CPU.ActiveCfg = Release|Any CPU
		{7D12C6FD-A062-4309-B198-FFB5BE130A5D}.Release|Any CPU.Build.0 = Release|Any CPU
		{1BCC5A06-8B33-4EA8-AE3B-3D8ADAD1BAA8}.Debug|Any CPU.ActiveCfg = Debug|Any CPU
		{1BCC5A06-8B33-4EA8-AE3B-3D8ADAD1BAA8}.Debug|Any CPU.Build.0 = Debug|Any CPU
		{1BCC5A06-8B33-4EA8-AE3B-3D8ADAD1BAA8}.Release|Any CPU.ActiveCfg = Release|Any CPU
		{1BCC5A06-8B33-4EA8-AE3B-3D8ADAD1BAA8}.Release|Any CPU.Build.0 = Release|Any CPU
		{2010C6C0-B4A3-41ED-8F47-434CA045510F}.Debug|Any CPU.ActiveCfg = Debug|Any CPU
		{2010C6C0-B4A3-41ED-8F47-434CA045510F}.Debug|Any CPU.Build.0 = Debug|Any CPU
		{2010C6C0-B4A3-41ED-8F47-434CA045510F}.Release|Any CPU.ActiveCfg = Release|Any CPU
		{2010C6C0-B4A3-41ED-8F47-434CA045510F}.Release|Any CPU.Build.0 = Release|Any CPU
		{47D42CC1-715B-4435-98C2-FE36A9F519D7}.Debug|Any CPU.ActiveCfg = Debug|Any CPU
		{47D42CC1-715B-4435-98C2-FE36A9F519D7}.Debug|Any CPU.Build.0 = Debug|Any CPU
		{47D42CC1-715B-4435-98C2-FE36A9F519D7}.Release|Any CPU.ActiveCfg = Release|Any CPU
		{47D42CC1-715B-4435-98C2-FE36A9F519D7}.Release|Any CPU.Build.0 = Release|Any CPU
		{03E78132-2EAF-4CF6-8E97-894F0FE9AD11}.Debug|Any CPU.ActiveCfg = Debug|Any CPU
		{03E78132-2EAF-4CF6-8E97-894F0FE9AD11}.Debug|Any CPU.Build.0 = Debug|Any CPU
		{03E78132-2EAF-4CF6-8E97-894F0FE9AD11}.Release|Any CPU.ActiveCfg = Release|Any CPU
		{03E78132-2EAF-4CF6-8E97-894F0FE9AD11}.Release|Any CPU.Build.0 = Release|Any CPU
		{3514D7E4-014B-4F53-AC41-C7A4AC8B1779}.Debug|Any CPU.ActiveCfg = Debug|Any CPU
		{3514D7E4-014B-4F53-AC41-C7A4AC8B1779}.Debug|Any CPU.Build.0 = Debug|Any CPU
		{3514D7E4-014B-4F53-AC41-C7A4AC8B1779}.Release|Any CPU.ActiveCfg = Release|Any CPU
		{3514D7E4-014B-4F53-AC41-C7A4AC8B1779}.Release|Any CPU.Build.0 = Release|Any CPU
		{DE9854DF-4D38-4CD8-A0B6-AA5DBF98F291}.Debug|Any CPU.ActiveCfg = Debug|Any CPU
		{DE9854DF-4D38-4CD8-A0B6-AA5DBF98F291}.Debug|Any CPU.Build.0 = Debug|Any CPU
		{DE9854DF-4D38-4CD8-A0B6-AA5DBF98F291}.Release|Any CPU.ActiveCfg = Release|Any CPU
		{DE9854DF-4D38-4CD8-A0B6-AA5DBF98F291}.Release|Any CPU.Build.0 = Release|Any CPU
		{2BFF3DFE-67C6-4091-A611-2A317D845405}.Debug|Any CPU.ActiveCfg = Debug|Any CPU
		{2BFF3DFE-67C6-4091-A611-2A317D845405}.Debug|Any CPU.Build.0 = Debug|Any CPU
		{2BFF3DFE-67C6-4091-A611-2A317D845405}.Release|Any CPU.ActiveCfg = Release|Any CPU
		{2BFF3DFE-67C6-4091-A611-2A317D845405}.Release|Any CPU.Build.0 = Release|Any CPU
		{1EA489D6-3C5B-4121-A3C8-B5BEABCB51E5}.Debug|Any CPU.ActiveCfg = Debug|Any CPU
		{1EA489D6-3C5B-4121-A3C8-B5BEABCB51E5}.Debug|Any CPU.Build.0 = Debug|Any CPU
		{1EA489D6-3C5B-4121-A3C8-B5BEABCB51E5}.Release|Any CPU.ActiveCfg = Release|Any CPU
		{1EA489D6-3C5B-4121-A3C8-B5BEABCB51E5}.Release|Any CPU.Build.0 = Release|Any CPU
		{39001B32-3039-41BB-A323-8545A71A0A37}.Debug|Any CPU.ActiveCfg = Debug|Any CPU
		{39001B32-3039-41BB-A323-8545A71A0A37}.Debug|Any CPU.Build.0 = Debug|Any CPU
		{39001B32-3039-41BB-A323-8545A71A0A37}.Release|Any CPU.ActiveCfg = Release|Any CPU
		{39001B32-3039-41BB-A323-8545A71A0A37}.Release|Any CPU.Build.0 = Release|Any CPU
		{3F903700-F4B2-4F0B-A5AF-444BDB6D1BFB}.Debug|Any CPU.ActiveCfg = Debug|Any CPU
		{3F903700-F4B2-4F0B-A5AF-444BDB6D1BFB}.Debug|Any CPU.Build.0 = Debug|Any CPU
		{3F903700-F4B2-4F0B-A5AF-444BDB6D1BFB}.Release|Any CPU.ActiveCfg = Release|Any CPU
		{3F903700-F4B2-4F0B-A5AF-444BDB6D1BFB}.Release|Any CPU.Build.0 = Release|Any CPU
		{D58670CB-1BD7-46BE-B8A2-B5931C97B243}.Debug|Any CPU.ActiveCfg = Debug|Any CPU
		{D58670CB-1BD7-46BE-B8A2-B5931C97B243}.Debug|Any CPU.Build.0 = Debug|Any CPU
		{D58670CB-1BD7-46BE-B8A2-B5931C97B243}.Release|Any CPU.ActiveCfg = Release|Any CPU
		{D58670CB-1BD7-46BE-B8A2-B5931C97B243}.Release|Any CPU.Build.0 = Release|Any CPU
		{36FED42B-3EAA-4003-86CD-C574B857B305}.Debug|Any CPU.ActiveCfg = Debug|Any CPU
		{36FED42B-3EAA-4003-86CD-C574B857B305}.Debug|Any CPU.Build.0 = Debug|Any CPU
		{36FED42B-3EAA-4003-86CD-C574B857B305}.Release|Any CPU.ActiveCfg = Release|Any CPU
		{36FED42B-3EAA-4003-86CD-C574B857B305}.Release|Any CPU.Build.0 = Release|Any CPU
		{76CBABEA-0644-43B4-8296-6EA44C38A22B}.Debug|Any CPU.ActiveCfg = Debug|Any CPU
		{76CBABEA-0644-43B4-8296-6EA44C38A22B}.Debug|Any CPU.Build.0 = Debug|Any CPU
		{76CBABEA-0644-43B4-8296-6EA44C38A22B}.Release|Any CPU.ActiveCfg = Release|Any CPU
		{76CBABEA-0644-43B4-8296-6EA44C38A22B}.Release|Any CPU.Build.0 = Release|Any CPU
		{8666B518-364C-4317-B4AF-2D08BC2E0CD0}.Debug|Any CPU.ActiveCfg = Debug|Any CPU
		{8666B518-364C-4317-B4AF-2D08BC2E0CD0}.Debug|Any CPU.Build.0 = Debug|Any CPU
		{8666B518-364C-4317-B4AF-2D08BC2E0CD0}.Release|Any CPU.ActiveCfg = Release|Any CPU
		{8666B518-364C-4317-B4AF-2D08BC2E0CD0}.Release|Any CPU.Build.0 = Release|Any CPU
		{26BC95C9-5DA2-4CE1-B64B-BFFB72DAD5B4}.Debug|Any CPU.ActiveCfg = Debug|Any CPU
		{26BC95C9-5DA2-4CE1-B64B-BFFB72DAD5B4}.Debug|Any CPU.Build.0 = Debug|Any CPU
		{26BC95C9-5DA2-4CE1-B64B-BFFB72DAD5B4}.Release|Any CPU.ActiveCfg = Release|Any CPU
		{26BC95C9-5DA2-4CE1-B64B-BFFB72DAD5B4}.Release|Any CPU.Build.0 = Release|Any CPU
		{97B2D266-B3C0-4122-A724-DE21CEE6058B}.Debug|Any CPU.ActiveCfg = Debug|Any CPU
		{97B2D266-B3C0-4122-A724-DE21CEE6058B}.Debug|Any CPU.Build.0 = Debug|Any CPU
		{97B2D266-B3C0-4122-A724-DE21CEE6058B}.Release|Any CPU.ActiveCfg = Release|Any CPU
		{97B2D266-B3C0-4122-A724-DE21CEE6058B}.Release|Any CPU.Build.0 = Release|Any CPU
		{366735AB-D77B-4570-9791-459BDF70C8D2}.Debug|Any CPU.ActiveCfg = Debug|Any CPU
		{366735AB-D77B-4570-9791-459BDF70C8D2}.Debug|Any CPU.Build.0 = Debug|Any CPU
		{366735AB-D77B-4570-9791-459BDF70C8D2}.Release|Any CPU.ActiveCfg = Release|Any CPU
		{366735AB-D77B-4570-9791-459BDF70C8D2}.Release|Any CPU.Build.0 = Release|Any CPU
		{A5396AEE-D617-4018-BDB8-B1170EF62FBD}.Debug|Any CPU.ActiveCfg = Debug|Any CPU
		{A5396AEE-D617-4018-BDB8-B1170EF62FBD}.Debug|Any CPU.Build.0 = Debug|Any CPU
		{A5396AEE-D617-4018-BDB8-B1170EF62FBD}.Release|Any CPU.ActiveCfg = Release|Any CPU
		{A5396AEE-D617-4018-BDB8-B1170EF62FBD}.Release|Any CPU.Build.0 = Release|Any CPU
		{F5AEAE20-0E7E-481C-8979-38DC2C7993EC}.Debug|Any CPU.ActiveCfg = Debug|Any CPU
		{F5AEAE20-0E7E-481C-8979-38DC2C7993EC}.Debug|Any CPU.Build.0 = Debug|Any CPU
		{F5AEAE20-0E7E-481C-8979-38DC2C7993EC}.Release|Any CPU.ActiveCfg = Release|Any CPU
		{F5AEAE20-0E7E-481C-8979-38DC2C7993EC}.Release|Any CPU.Build.0 = Release|Any CPU
		{B5A72056-AE56-416C-AA63-2D13C4A3FC83}.Debug|Any CPU.ActiveCfg = Debug|Any CPU
		{B5A72056-AE56-416C-AA63-2D13C4A3FC83}.Debug|Any CPU.Build.0 = Debug|Any CPU
		{B5A72056-AE56-416C-AA63-2D13C4A3FC83}.Release|Any CPU.ActiveCfg = Release|Any CPU
		{B5A72056-AE56-416C-AA63-2D13C4A3FC83}.Release|Any CPU.Build.0 = Release|Any CPU
		{0D29205E-ED41-444F-93D2-DFFB47ACC4C7}.Debug|Any CPU.ActiveCfg = Debug|Any CPU
		{0D29205E-ED41-444F-93D2-DFFB47ACC4C7}.Debug|Any CPU.Build.0 = Debug|Any CPU
		{0D29205E-ED41-444F-93D2-DFFB47ACC4C7}.Release|Any CPU.ActiveCfg = Release|Any CPU
		{0D29205E-ED41-444F-93D2-DFFB47ACC4C7}.Release|Any CPU.Build.0 = Release|Any CPU
		{9E452B6D-2A84-4906-A4C3-7DD6DE1DEB67}.Debug|Any CPU.ActiveCfg = Debug|Any CPU
		{9E452B6D-2A84-4906-A4C3-7DD6DE1DEB67}.Debug|Any CPU.Build.0 = Debug|Any CPU
		{9E452B6D-2A84-4906-A4C3-7DD6DE1DEB67}.Release|Any CPU.ActiveCfg = Release|Any CPU
		{9E452B6D-2A84-4906-A4C3-7DD6DE1DEB67}.Release|Any CPU.Build.0 = Release|Any CPU
	EndGlobalSection
	GlobalSection(SolutionProperties) = preSolution
		HideSolutionNode = FALSE
	EndGlobalSection
	GlobalSection(NestedProjects) = preSolution
		{1EA489D6-3C5B-4121-A3C8-B5BEABCB51E5} = {0AF2447F-41EC-4E6C-9588-642E7D309084}
		{39001B32-3039-41BB-A323-8545A71A0A37} = {0AF2447F-41EC-4E6C-9588-642E7D309084}
		{3F903700-F4B2-4F0B-A5AF-444BDB6D1BFB} = {0AF2447F-41EC-4E6C-9588-642E7D309084}
		{D58670CB-1BD7-46BE-B8A2-B5931C97B243} = {0AF2447F-41EC-4E6C-9588-642E7D309084}
		{36FED42B-3EAA-4003-86CD-C574B857B305} = {0AF2447F-41EC-4E6C-9588-642E7D309084}
		{7D12C6FD-A062-4309-B198-FFB5BE130A5D} = {BF99D6A5-5B3C-4F71-8073-81B71F8BEE4E}
		{1BCC5A06-8B33-4EA8-AE3B-3D8ADAD1BAA8} = {BF99D6A5-5B3C-4F71-8073-81B71F8BEE4E}
		{2010C6C0-B4A3-41ED-8F47-434CA045510F} = {BF99D6A5-5B3C-4F71-8073-81B71F8BEE4E}
		{47D42CC1-715B-4435-98C2-FE36A9F519D7} = {BF99D6A5-5B3C-4F71-8073-81B71F8BEE4E}
		{03E78132-2EAF-4CF6-8E97-894F0FE9AD11} = {BF99D6A5-5B3C-4F71-8073-81B71F8BEE4E}
		{3514D7E4-014B-4F53-AC41-C7A4AC8B1779} = {BF99D6A5-5B3C-4F71-8073-81B71F8BEE4E}
		{DE9854DF-4D38-4CD8-A0B6-AA5DBF98F291} = {BF99D6A5-5B3C-4F71-8073-81B71F8BEE4E}
		{2BFF3DFE-67C6-4091-A611-2A317D845405} = {B1D1DD7C-906F-48E2-B9D4-B6980482F19E}
		{76CBABEA-0644-43B4-8296-6EA44C38A22B} = {B1D1DD7C-906F-48E2-B9D4-B6980482F19E}
		{8666B518-364C-4317-B4AF-2D08BC2E0CD0} = {B1D1DD7C-906F-48E2-B9D4-B6980482F19E}
		{26BC95C9-5DA2-4CE1-B64B-BFFB72DAD5B4} = {B1D1DD7C-906F-48E2-B9D4-B6980482F19E}
		{97B2D266-B3C0-4122-A724-DE21CEE6058B} = {B1D1DD7C-906F-48E2-B9D4-B6980482F19E}
		{366735AB-D77B-4570-9791-459BDF70C8D2} = {B1D1DD7C-906F-48E2-B9D4-B6980482F19E}
		{A5396AEE-D617-4018-BDB8-B1170EF62FBD} = {B1D1DD7C-906F-48E2-B9D4-B6980482F19E}
		{F5AEAE20-0E7E-481C-8979-38DC2C7993EC} = {B1D1DD7C-906F-48E2-B9D4-B6980482F19E}
		{B5A72056-AE56-416C-AA63-2D13C4A3FC83} = {B1D1DD7C-906F-48E2-B9D4-B6980482F19E}
		{0D29205E-ED41-444F-93D2-DFFB47ACC4C7} = {B1D1DD7C-906F-48E2-B9D4-B6980482F19E}
		{9E452B6D-2A84-4906-A4C3-7DD6DE1DEB67} = {B1D1DD7C-906F-48E2-B9D4-B6980482F19E}
	EndGlobalSection
EndGlobal
